{
  "object": {
    "pins": [
      {
        "package": "Logger",
        "repositoryURL": "git@github.com:bilm/Logger.git",
        "state": {
          "branch": "swift-5_3",
          "revision": "07829ca933f9f632d53d19f09cd660bb1d4a7cd3",
          "version": null
        }
      }
    ]
  },
  "version": 1
}
